// !$*UTF8*$!
{
	archiveVersion = 1;
	classes = {
	};
	objectVersion = 50;
	objects = {

/* Begin PBXBuildFile section */
		FBE5B87922C4702D00BD348A /* AppDelegate.m in Sources */ = {isa = PBXBuildFile; fileRef = FBE5B87822C4702D00BD348A /* AppDelegate.m */; };
		FBE5B87C22C4702D00BD348A /* ViewController.m in Sources */ = {isa = PBXBuildFile; fileRef = FBE5B87B22C4702D00BD348A /* ViewController.m */; };
		FBE5B87F22C4702D00BD348A /* Main.storyboard in Resources */ = {isa = PBXBuildFile; fileRef = FBE5B87D22C4702D00BD348A /* Main.storyboard */; };
		FBE5B88122C4703100BD348A /* Assets.xcassets in Resources */ = {isa = PBXBuildFile; fileRef = FBE5B88022C4703100BD348A /* Assets.xcassets */; };
		FBE5B88422C4703100BD348A /* LaunchScreen.storyboard in Resources */ = {isa = PBXBuildFile; fileRef = FBE5B88222C4703100BD348A /* LaunchScreen.storyboard */; };
		FBE5B88722C4703100BD348A /* main.m in Sources */ = {isa = PBXBuildFile; fileRef = FBE5B88622C4703100BD348A /* main.m */; };
		FBE5B89722C4A14000BD348A /* DemoViewController.m in Sources */ = {isa = PBXBuildFile; fileRef = FBE5B89622C4A14000BD348A /* DemoViewController.m */; };
		FBE5B89A22C4A4A200BD348A /* YSMenuItemWrapperView.m in Sources */ = {isa = PBXBuildFile; fileRef = FBE5B89922C4A4A200BD348A /* YSMenuItemWrapperView.m */; };
		FBE5B89D22C4A4B500BD348A /* YSMenuItemSliderView.m in Sources */ = {isa = PBXBuildFile; fileRef = FBE5B89C22C4A4B500BD348A /* YSMenuItemSliderView.m */; };
		FBE5B8A022C4A50B00BD348A /* YSMenuItemView.m in Sources */ = {isa = PBXBuildFile; fileRef = FBE5B89F22C4A50B00BD348A /* YSMenuItemView.m */; };
		FBE5B8AF22C4AA7000BD348A /* YSSegmentContainerViewController.m in Sources */ = {isa = PBXBuildFile; fileRef = FBE5B8AE22C4AA7000BD348A /* YSSegmentContainerViewController.m */; };
		FBE5B8B522C5AE4500BD348A /* TempViewController.m in Sources */ = {isa = PBXBuildFile; fileRef = FBE5B8B422C5AE4500BD348A /* TempViewController.m */; };
		FBE5B8B822C5DE0900BD348A /* ListViewController.m in Sources */ = {isa = PBXBuildFile; fileRef = FBE5B8B722C5DE0900BD348A /* ListViewController.m */; };
/* End PBXBuildFile section */

/* Begin PBXFileReference section */
		FBE5B87422C4702D00BD348A /* YSSegmentContainer.app */ = {isa = PBXFileReference; explicitFileType = wrapper.application; includeInIndex = 0; path = YSSegmentContainer.app; sourceTree = BUILT_PRODUCTS_DIR; };
		FBE5B87722C4702D00BD348A /* AppDelegate.h */ = {isa = PBXFileReference; lastKnownFileType = sourcecode.c.h; path = AppDelegate.h; sourceTree = "<group>"; };
		FBE5B87822C4702D00BD348A /* AppDelegate.m */ = {isa = PBXFileReference; lastKnownFileType = sourcecode.c.objc; path = AppDelegate.m; sourceTree = "<group>"; };
		FBE5B87A22C4702D00BD348A /* ViewController.h */ = {isa = PBXFileReference; lastKnownFileType = sourcecode.c.h; path = ViewController.h; sourceTree = "<group>"; };
		FBE5B87B22C4702D00BD348A /* ViewController.m */ = {isa = PBXFileReference; lastKnownFileType = sourcecode.c.objc; path = ViewController.m; sourceTree = "<group>"; };
		FBE5B87E22C4702D00BD348A /* Base */ = {isa = PBXFileReference; lastKnownFileType = file.storyboard; name = Base; path = Base.lproj/Main.storyboard; sourceTree = "<group>"; };
		FBE5B88022C4703100BD348A /* Assets.xcassets */ = {isa = PBXFileReference; lastKnownFileType = folder.assetcatalog; path = Assets.xcassets; sourceTree = "<group>"; };
		FBE5B88322C4703100BD348A /* Base */ = {isa = PBXFileReference; lastKnownFileType = file.storyboard; name = Base; path = Base.lproj/LaunchScreen.storyboard; sourceTree = "<group>"; };
		FBE5B88522C4703100BD348A /* Info.plist */ = {isa = PBXFileReference; lastKnownFileType = text.plist.xml; path = Info.plist; sourceTree = "<group>"; };
		FBE5B88622C4703100BD348A /* main.m */ = {isa = PBXFileReference; lastKnownFileType = sourcecode.c.objc; path = main.m; sourceTree = "<group>"; };
		FBE5B89522C4A14000BD348A /* DemoViewController.h */ = {isa = PBXFileReference; lastKnownFileType = sourcecode.c.h; path = DemoViewController.h; sourceTree = "<group>"; };
		FBE5B89622C4A14000BD348A /* DemoViewController.m */ = {isa = PBXFileReference; lastKnownFileType = sourcecode.c.objc; path = DemoViewController.m; sourceTree = "<group>"; };
		FBE5B89822C4A4A200BD348A /* YSMenuItemWrapperView.h */ = {isa = PBXFileReference; lastKnownFileType = sourcecode.c.h; path = YSMenuItemWrapperView.h; sourceTree = "<group>"; };
		FBE5B89922C4A4A200BD348A /* YSMenuItemWrapperView.m */ = {isa = PBXFileReference; lastKnownFileType = sourcecode.c.objc; path = YSMenuItemWrapperView.m; sourceTree = "<group>"; };
		FBE5B89B22C4A4B500BD348A /* YSMenuItemSliderView.h */ = {isa = PBXFileReference; lastKnownFileType = sourcecode.c.h; path = YSMenuItemSliderView.h; sourceTree = "<group>"; };
		FBE5B89C22C4A4B500BD348A /* YSMenuItemSliderView.m */ = {isa = PBXFileReference; lastKnownFileType = sourcecode.c.objc; path = YSMenuItemSliderView.m; sourceTree = "<group>"; };
		FBE5B89E22C4A50B00BD348A /* YSMenuItemView.h */ = {isa = PBXFileReference; lastKnownFileType = sourcecode.c.h; path = YSMenuItemView.h; sourceTree = "<group>"; };
		FBE5B89F22C4A50B00BD348A /* YSMenuItemView.m */ = {isa = PBXFileReference; lastKnownFileType = sourcecode.c.objc; path = YSMenuItemView.m; sourceTree = "<group>"; };
		FBE5B8AD22C4AA7000BD348A /* YSSegmentContainerViewController.h */ = {isa = PBXFileReference; lastKnownFileType = sourcecode.c.h; path = YSSegmentContainerViewController.h; sourceTree = "<group>"; };
		FBE5B8AE22C4AA7000BD348A /* YSSegmentContainerViewController.m */ = {isa = PBXFileReference; lastKnownFileType = sourcecode.c.objc; path = YSSegmentContainerViewController.m; sourceTree = "<group>"; };
		FBE5B8B322C5AE4500BD348A /* TempViewController.h */ = {isa = PBXFileReference; lastKnownFileType = sourcecode.c.h; path = TempViewController.h; sourceTree = "<group>"; };
		FBE5B8B422C5AE4500BD348A /* TempViewController.m */ = {isa = PBXFileReference; lastKnownFileType = sourcecode.c.objc; path = TempViewController.m; sourceTree = "<group>"; };
		FBE5B8B622C5DE0900BD348A /* ListViewController.h */ = {isa = PBXFileReference; lastKnownFileType = sourcecode.c.h; path = ListViewController.h; sourceTree = "<group>"; };
		FBE5B8B722C5DE0900BD348A /* ListViewController.m */ = {isa = PBXFileReference; lastKnownFileType = sourcecode.c.objc; path = ListViewController.m; sourceTree = "<group>"; };
/* End PBXFileReference section */

/* Begin PBXFrameworksBuildPhase section */
		FBE5B87122C4702D00BD348A /* Frameworks */ = {
			isa = PBXFrameworksBuildPhase;
			buildActionMask = 2147483647;
			files = (
			);
			runOnlyForDeploymentPostprocessing = 0;
		};
/* End PBXFrameworksBuildPhase section */

/* Begin PBXGroup section */
		FBE5B86B22C4702D00BD348A = {
			isa = PBXGroup;
			children = (
				FBE5B87622C4702D00BD348A /* YSSegmentContainer */,
				FBE5B87522C4702D00BD348A /* Products */,
			);
			sourceTree = "<group>";
		};
		FBE5B87522C4702D00BD348A /* Products */ = {
			isa = PBXGroup;
			children = (
				FBE5B87422C4702D00BD348A /* YSSegmentContainer.app */,
			);
			name = Products;
			sourceTree = "<group>";
		};
		FBE5B87622C4702D00BD348A /* YSSegmentContainer */ = {
			isa = PBXGroup;
			children = (
				FBE5B89122C4A0DA00BD348A /* YSSegmentContainer */,
				FBE5B87722C4702D00BD348A /* AppDelegate.h */,
				FBE5B87822C4702D00BD348A /* AppDelegate.m */,
				FBE5B87A22C4702D00BD348A /* ViewController.h */,
				FBE5B87B22C4702D00BD348A /* ViewController.m */,
				FBE5B89522C4A14000BD348A /* DemoViewController.h */,
				FBE5B89622C4A14000BD348A /* DemoViewController.m */,
				FBE5B8B622C5DE0900BD348A /* ListViewController.h */,
				FBE5B8B722C5DE0900BD348A /* ListViewController.m */,
				FBE5B8B322C5AE4500BD348A /* TempViewController.h */,
				FBE5B8B422C5AE4500BD348A /* TempViewController.m */,
				FBE5B87D22C4702D00BD348A /* Main.storyboard */,
				FBE5B88022C4703100BD348A /* Assets.xcassets */,
				FBE5B88222C4703100BD348A /* LaunchScreen.storyboard */,
				FBE5B88522C4703100BD348A /* Info.plist */,
				FBE5B88622C4703100BD348A /* main.m */,
			);
			path = YSSegmentContainer;
			sourceTree = "<group>";
		};
		FBE5B89122C4A0DA00BD348A /* YSSegmentContainer */ = {
			isa = PBXGroup;
			children = (
				FBE5B8AD22C4AA7000BD348A /* YSSegmentContainerViewController.h */,
				FBE5B8AE22C4AA7000BD348A /* YSSegmentContainerViewController.m */,
				FBE5B89E22C4A50B00BD348A /* YSMenuItemView.h */,
				FBE5B89F22C4A50B00BD348A /* YSMenuItemView.m */,
				FBE5B89822C4A4A200BD348A /* YSMenuItemWrapperView.h */,
				FBE5B89922C4A4A200BD348A /* YSMenuItemWrapperView.m */,
				FBE5B89B22C4A4B500BD348A /* YSMenuItemSliderView.h */,
				FBE5B89C22C4A4B500BD348A /* YSMenuItemSliderView.m */,
			);
			path = YSSegmentContainer;
			sourceTree = "<group>";
		};
/* End PBXGroup section */

/* Begin PBXNativeTarget section */
		FBE5B87322C4702D00BD348A /* YSSegmentContainer */ = {
			isa = PBXNativeTarget;
			buildConfigurationList = FBE5B88A22C4703100BD348A /* Build configuration list for PBXNativeTarget "YSSegmentContainer" */;
			buildPhases = (
				FBE5B87022C4702D00BD348A /* Sources */,
				FBE5B87122C4702D00BD348A /* Frameworks */,
				FBE5B87222C4702D00BD348A /* Resources */,
			);
			buildRules = (
			);
			dependencies = (
			);
			name = YSSegmentContainer;
			productName = YSSegmentContainer;
			productReference = FBE5B87422C4702D00BD348A /* YSSegmentContainer.app */;
			productType = "com.apple.product-type.application";
		};
/* End PBXNativeTarget section */

/* Begin PBXProject section */
		FBE5B86C22C4702D00BD348A /* Project object */ = {
			isa = PBXProject;
			attributes = {
				LastUpgradeCheck = 1000;
				ORGANIZATIONNAME = all;
				TargetAttributes = {
					FBE5B87322C4702D00BD348A = {
						CreatedOnToolsVersion = 10.0;
					};
				};
			};
			buildConfigurationList = FBE5B86F22C4702D00BD348A /* Build configuration list for PBXProject "YSSegmentContainer" */;
			compatibilityVersion = "Xcode 9.3";
			developmentRegion = en;
			hasScannedForEncodings = 0;
			knownRegions = (
				en,
				Base,
			);
			mainGroup = FBE5B86B22C4702D00BD348A;
			productRefGroup = FBE5B87522C4702D00BD348A /* Products */;
			projectDirPath = "";
			projectRoot = "";
			targets = (
				FBE5B87322C4702D00BD348A /* YSSegmentContainer */,
			);
		};
/* End PBXProject section */

/* Begin PBXResourcesBuildPhase section */
		FBE5B87222C4702D00BD348A /* Resources */ = {
			isa = PBXResourcesBuildPhase;
			buildActionMask = 2147483647;
			files = (
				FBE5B88422C4703100BD348A /* LaunchScreen.storyboard in Resources */,
				FBE5B88122C4703100BD348A /* Assets.xcassets in Resources */,
				FBE5B87F22C4702D00BD348A /* Main.storyboard in Resources */,
			);
			runOnlyForDeploymentPostprocessing = 0;
		};
/* End PBXResourcesBuildPhase section */

/* Begin PBXSourcesBuildPhase section */
		FBE5B87022C4702D00BD348A /* Sources */ = {
			isa = PBXSourcesBuildPhase;
			buildActionMask = 2147483647;
			files = (
				FBE5B89A22C4A4A200BD348A /* YSMenuItemWrapperView.m in Sources */,
				FBE5B87C22C4702D00BD348A /* ViewController.m in Sources */,
				FBE5B8B822C5DE0900BD348A /* ListViewController.m in Sources */,
				FBE5B88722C4703100BD348A /* main.m in Sources */,
				FBE5B89722C4A14000BD348A /* DemoViewController.m in Sources */,
				FBE5B8B522C5AE4500BD348A /* TempViewController.m in Sources */,
				FBE5B89D22C4A4B500BD348A /* YSMenuItemSliderView.m in Sources */,
				FBE5B8A022C4A50B00BD348A /* YSMenuItemView.m in Sources */,
				FBE5B8AF22C4AA7000BD348A /* YSSegmentContainerViewController.m in Sources */,
				FBE5B87922C4702D00BD348A /* AppDelegate.m in Sources */,
			);
			runOnlyForDeploymentPostprocessing = 0;
		};
/* End PBXSourcesBuildPhase section */

/* Begin PBXVariantGroup section */
		FBE5B87D22C4702D00BD348A /* Main.storyboard */ = {
			isa = PBXVariantGroup;
			children = (
				FBE5B87E22C4702D00BD348A /* Base */,
			);
			name = Main.storyboard;
			sourceTree = "<group>";
		};
		FBE5B88222C4703100BD348A /* LaunchScreen.storyboard */ = {
			isa = PBXVariantGroup;
			children = (
				FBE5B88322C4703100BD348A /* Base */,
			);
			name = LaunchScreen.storyboard;
			sourceTree = "<group>";
		};
/* End PBXVariantGroup section */

/* Begin XCBuildConfiguration section */
		FBE5B88822C4703100BD348A /* Debug */ = {
			isa = XCBuildConfiguration;
			buildSettings = {
				ALWAYS_SEARCH_USER_PATHS = NO;
				CLANG_ANALYZER_NONNULL = YES;
				CLANG_ANALYZER_NUMBER_OBJECT_CONVERSION = YES_AGGRESSIVE;
				CLANG_CXX_LANGUAGE_STANDARD = "gnu++14";
				CLANG_CXX_LIBRARY = "libc++";
				CLANG_ENABLE_MODULES = YES;
				CLANG_ENABLE_OBJC_ARC = YES;
				CLANG_ENABLE_OBJC_WEAK = YES;
				CLANG_WARN_BLOCK_CAPTURE_AUTORELEASING = YES;
				CLANG_WARN_BOOL_CONVERSION = YES;
				CLANG_WARN_COMMA = YES;
				CLANG_WARN_CONSTANT_CONVERSION = YES;
				CLANG_WARN_DEPRECATED_OBJC_IMPLEMENTATIONS = YES;
				CLANG_WARN_DIRECT_OBJC_ISA_USAGE = YES_ERROR;
				CLANG_WARN_DOCUMENTATION_COMMENTS = YES;
				CLANG_WARN_EMPTY_BODY = YES;
				CLANG_WARN_ENUM_CONVERSION = YES;
				CLANG_WARN_INFINITE_RECURSION = YES;
				CLANG_WARN_INT_CONVERSION = YES;
				CLANG_WARN_NON_LITERAL_NULL_CONVERSION = YES;
				CLANG_WARN_OBJC_IMPLICIT_RETAIN_SELF = YES;
				CLANG_WARN_OBJC_LITERAL_CONVERSION = YES;
				CLANG_WARN_OBJC_ROOT_CLASS = YES_ERROR;
				CLANG_WARN_RANGE_LOOP_ANALYSIS = YES;
				CLANG_WARN_STRICT_PROTOTYPES = YES;
				CLANG_WARN_SUSPICIOUS_MOVE = YES;
				CLANG_WARN_UNGUARDED_AVAILABILITY = YES_AGGRESSIVE;
				CLANG_WARN_UNREACHABLE_CODE = YES;
				CLANG_WARN__DUPLICATE_METHOD_MATCH = YES;
				CODE_SIGN_IDENTITY = "iPhone Developer";
				COPY_PHASE_STRIP = NO;
				DEBUG_INFORMATION_FORMAT = dwarf;
				ENABLE_STRICT_OBJC_MSGSEND = YES;
				ENABLE_TESTABILITY = YES;
				GCC_C_LANGUAGE_STANDARD = gnu11;
				GCC_DYNAMIC_NO_PIC = NO;
				GCC_NO_COMMON_BLOCKS = YES;
				GCC_OPTIMIZATION_LEVEL = 0;
				GCC_PREPROCESSOR_DEFINITIONS = (
					"DEBUG=1",
					"$(inherited)",
				);
				GCC_WARN_64_TO_32_BIT_CONVERSION = YES;
				GCC_WARN_ABOUT_RETURN_TYPE = YES_ERROR;
				GCC_WARN_UNDECLARED_SELECTOR = YES;
				GCC_WARN_UNINITIALIZED_AUTOS = YES_AGGRESSIVE;
				GCC_WARN_UNUSED_FUNCTION = YES;
				GCC_WARN_UNUSED_VARIABLE = YES;
				IPHONEOS_DEPLOYMENT_TARGET = 12.0;
				MTL_ENABLE_DEBUG_INFO = INCLUDE_SOURCE;
				MTL_FAST_MATH = YES;
				ONLY_ACTIVE_ARCH = YES;
				SDKROOT = iphoneos;
			};
			name = Debug;
		};
		FBE5B88922C4703100BD348A /* Release */ = {
			isa = XCBuildConfiguration;
			buildSettings = {
				ALWAYS_SEARCH_USER_PATHS = NO;
				CLANG_ANALYZER_NONNULL = YES;
				CLANG_ANALYZER_NUMBER_OBJECT_CONVERSION = YES_AGGRESSIVE;
				CLANG_CXX_LANGUAGE_STANDARD = "gnu++14";
				CLANG_CXX_LIBRARY = "libc++";
				CLANG_ENABLE_MODULES = YES;
				CLANG_ENABLE_OBJC_ARC = YES;
				CLANG_ENABLE_OBJC_WEAK = YES;
				CLANG_WARN_BLOCK_CAPTURE_AUTORELEASING = YES;
				CLANG_WARN_BOOL_CONVERSION = YES;
				CLANG_WARN_COMMA = YES;
				CLANG_WARN_CONSTANT_CONVERSION = YES;
				CLANG_WARN_DEPRECATED_OBJC_IMPLEMENTATIONS = YES;
				CLANG_WARN_DIRECT_OBJC_ISA_USAGE = YES_ERROR;
				CLANG_WARN_DOCUMENTATION_COMMENTS = YES;
				CLANG_WARN_EMPTY_BODY = YES;
				CLANG_WARN_ENUM_CONVERSION = YES;
				CLANG_WARN_INFINITE_RECURSION = YES;
				CLANG_WARN_INT_CONVERSION = YES;
				CLANG_WARN_NON_LITERAL_NULL_CONVERSION = YES;
				CLANG_WARN_OBJC_IMPLICIT_RETAIN_SELF = YES;
				CLANG_WARN_OBJC_LITERAL_CONVERSION = YES;
				CLANG_WARN_OBJC_ROOT_CLASS = YES_ERROR;
				CLANG_WARN_RANGE_LOOP_ANALYSIS = YES;
				CLANG_WARN_STRICT_PROTOTYPES = YES;
				CLANG_WARN_SUSPICIOUS_MOVE = YES;
				CLANG_WARN_UNGUARDED_AVAILABILITY = YES_AGGRESSIVE;
				CLANG_WARN_UNREACHABLE_CODE = YES;
				CLANG_WARN__DUPLICATE_METHOD_MATCH = YES;
				CODE_SIGN_IDENTITY = "iPhone Developer";
				COPY_PHASE_STRIP = NO;
				DEBUG_INFORMATION_FORMAT = "dwarf-with-dsym";
				ENABLE_NS_ASSERTIONS = NO;
				ENABLE_STRICT_OBJC_MSGSEND = YES;
				GCC_C_LANGUAGE_STANDARD = gnu11;
				GCC_NO_COMMON_BLOCKS = YES;
				GCC_WARN_64_TO_32_BIT_CONVERSION = YES;
				GCC_WARN_ABOUT_RETURN_TYPE = YES_ERROR;
				GCC_WARN_UNDECLARED_SELECTOR = YES;
				GCC_WARN_UNINITIALIZED_AUTOS = YES_AGGRESSIVE;
				GCC_WARN_UNUSED_FUNCTION = YES;
				GCC_WARN_UNUSED_VARIABLE = YES;
				IPHONEOS_DEPLOYMENT_TARGET = 12.0;
				MTL_ENABLE_DEBUG_INFO = NO;
				MTL_FAST_MATH = YES;
				SDKROOT = iphoneos;
				VALIDATE_PRODUCT = YES;
			};
			name = Release;
		};
		FBE5B88B22C4703100BD348A /* Debug */ = {
			isa = XCBuildConfiguration;
			buildSettings = {
				ASSETCATALOG_COMPILER_APPICON_NAME = AppIcon;
				CODE_SIGN_STYLE = Automatic;
				DEVELOPMENT_TEAM = QZQD5SSHHH;
				INFOPLIST_FILE = YSSegmentContainer/Info.plist;
				IPHONEOS_DEPLOYMENT_TARGET = 10.0;
				LD_RUNPATH_SEARCH_PATHS = (
					"$(inherited)",
					"@executable_path/Frameworks",
				);
				PRODUCT_BUNDLE_IDENTIFIER = com.develop.YSSegmentContainer;
				PRODUCT_NAME = "$(TARGET_NAME)";
				TARGETED_DEVICE_FAMILY = "1,2";
			};
			name = Debug;
		};
		FBE5B88C22C4703100BD348A /* Release */ = {
			isa = XCBuildConfiguration;
			buildSettings = {
				ASSETCATALOG_COMPILER_APPICON_NAME = AppIcon;
				CODE_SIGN_STYLE = Automatic;
				DEVELOPMENT_TEAM = QZQD5SSHHH;
				INFOPLIST_FILE = YSSegmentContainer/Info.plist;
				IPHONEOS_DEPLOYMENT_TARGET = 10.0;
				LD_RUNPATH_SEARCH_PATHS = (
					"$(inherited)",
					"@executable_path/Frameworks",
				);
				PRODUCT_BUNDLE_IDENTIFIER = com.develop.YSSegmentContainer;
				PRODUCT_NAME = "$(TARGET_NAME)";
				TARGETED_DEVICE_FAMILY = "1,2";
			};
			name = Release;
		};
/* End XCBuildConfiguration section */

/* Begin XCConfigurationList section */
		FBE5B86F22C4702D00BD348A /* Build configuration list for PBXProject "YSSegmentContainer" */ = {
			isa = XCConfigurationList;
			buildConfigurations = (
				FBE5B88822C4703100BD348A /* Debug */,
				FBE5B88922C4703100BD348A /* Release */,
			);
			defaultConfigurationIsVisible = 0;
			defaultConfigurationName = Release;
		};
		FBE5B88A22C4703100BD348A /* Build configuration list for PBXNativeTarget "YSSegmentContainer" */ = {
			isa = XCConfigurationList;
			buildConfigurations = (
				FBE5B88B22C4703100BD348A /* Debug */,
				FBE5B88C22C4703100BD348A /* Release */,
			);
			defaultConfigurationIsVisible = 0;
			defaultConfigurationName = Release;
		};
/* End XCConfigurationList section */
	};
	rootObject = FBE5B86C22C4702D00BD348A /* Project object */;
}
